// !$*UTF8*$!
{
	archiveVersion = 1;
	classes = {
	};
	objectVersion = 46;
	objects = {

/* Begin PBXBuildFile section */
		D48BF1551E64EB5C00F62098 /* AppDelegate.swift in Sources */ = {isa = PBXBuildFile; fileRef = D48BF1541E64EB5C00F62098 /* AppDelegate.swift */; };
		D48BF1571E64EB5C00F62098 /* ViewController.swift in Sources */ = {isa = PBXBuildFile; fileRef = D48BF1561E64EB5C00F62098 /* ViewController.swift */; };
		D48BF15A1E64EB5C00F62098 /* Main.storyboard in Resources */ = {isa = PBXBuildFile; fileRef = D48BF1581E64EB5C00F62098 /* Main.storyboard */; };
		D48BF15D1E64EB5C00F62098 /* dineTexas.xcdatamodeld in Sources */ = {isa = PBXBuildFile; fileRef = D48BF15B1E64EB5C00F62098 /* dineTexas.xcdatamodeld */; };
		D48BF15F1E64EB5C00F62098 /* Assets.xcassets in Resources */ = {isa = PBXBuildFile; fileRef = D48BF15E1E64EB5C00F62098 /* Assets.xcassets */; };
		D48BF1621E64EB5C00F62098 /* LaunchScreen.storyboard in Resources */ = {isa = PBXBuildFile; fileRef = D48BF1601E64EB5C00F62098 /* LaunchScreen.storyboard */; };
		EFCDBB9C1E65F88E0053EFA2 /* MapViewController.swift in Sources */ = {isa = PBXBuildFile; fileRef = EFCDBB9B1E65F88D0053EFA2 /* MapViewController.swift */; };
/* End PBXBuildFile section */

/* Begin PBXFileReference section */
		D48BF1511E64EB5C00F62098 /* dineTexas.app */ = {isa = PBXFileReference; explicitFileType = wrapper.application; includeInIndex = 0; path = dineTexas.app; sourceTree = BUILT_PRODUCTS_DIR; };
		D48BF1541E64EB5C00F62098 /* AppDelegate.swift */ = {isa = PBXFileReference; lastKnownFileType = sourcecode.swift; path = AppDelegate.swift; sourceTree = "<group>"; };
		D48BF1561E64EB5C00F62098 /* ViewController.swift */ = {isa = PBXFileReference; lastKnownFileType = sourcecode.swift; path = ViewController.swift; sourceTree = "<group>"; };
		D48BF1591E64EB5C00F62098 /* Base */ = {isa = PBXFileReference; lastKnownFileType = file.storyboard; name = Base; path = Base.lproj/Main.storyboard; sourceTree = "<group>"; };
		D48BF15C1E64EB5C00F62098 /* dineTexas.xcdatamodel */ = {isa = PBXFileReference; lastKnownFileType = wrapper.xcdatamodel; path = dineTexas.xcdatamodel; sourceTree = "<group>"; };
		D48BF15E1E64EB5C00F62098 /* Assets.xcassets */ = {isa = PBXFileReference; lastKnownFileType = folder.assetcatalog; path = Assets.xcassets; sourceTree = "<group>"; };
		D48BF1611E64EB5C00F62098 /* Base */ = {isa = PBXFileReference; lastKnownFileType = file.storyboard; name = Base; path = Base.lproj/LaunchScreen.storyboard; sourceTree = "<group>"; };
		D48BF1631E64EB5C00F62098 /* Info.plist */ = {isa = PBXFileReference; lastKnownFileType = text.plist.xml; path = Info.plist; sourceTree = "<group>"; };
		EFCDBB9B1E65F88D0053EFA2 /* MapViewController.swift */ = {isa = PBXFileReference; fileEncoding = 4; lastKnownFileType = sourcecode.swift; path = MapViewController.swift; sourceTree = "<group>"; };
/* End PBXFileReference section */

/* Begin PBXFrameworksBuildPhase section */
		D48BF14E1E64EB5C00F62098 /* Frameworks */ = {
			isa = PBXFrameworksBuildPhase;
			buildActionMask = 2147483647;
			files = (
			);
			runOnlyForDeploymentPostprocessing = 0;
		};
/* End PBXFrameworksBuildPhase section */

/* Begin PBXGroup section */
		D48BF1481E64EB5C00F62098 = {
			isa = PBXGroup;
			children = (
				D48BF1531E64EB5C00F62098 /* dineTexas */,
				D48BF1521E64EB5C00F62098 /* Products */,
			);
			sourceTree = "<group>";
		};
		D48BF1521E64EB5C00F62098 /* Products */ = {
			isa = PBXGroup;
			children = (
				D48BF1511E64EB5C00F62098 /* dineTexas.app */,
			);
			name = Products;
			sourceTree = "<group>";
		};
		D48BF1531E64EB5C00F62098 /* dineTexas */ = {
			isa = PBXGroup;
			children = (
				D48BF1541E64EB5C00F62098 /* AppDelegate.swift */,
				D48BF1561E64EB5C00F62098 /* ViewController.swift */,
				EFCDBB9B1E65F88D0053EFA2 /* MapViewController.swift */,
				D48BF1581E64EB5C00F62098 /* Main.storyboard */,
				D48BF15E1E64EB5C00F62098 /* Assets.xcassets */,
				D48BF1601E64EB5C00F62098 /* LaunchScreen.storyboard */,
				D48BF1631E64EB5C00F62098 /* Info.plist */,
				D48BF15B1E64EB5C00F62098 /* dineTexas.xcdatamodeld */,
			);
			path = dineTexas;
			sourceTree = "<group>";
		};
/* End PBXGroup section */

/* Begin PBXNativeTarget section */
		D48BF1501E64EB5C00F62098 /* dineTexas */ = {
			isa = PBXNativeTarget;
			buildConfigurationList = D48BF1661E64EB5C00F62098 /* Build configuration list for PBXNativeTarget "dineTexas" */;
			buildPhases = (
				D48BF14D1E64EB5C00F62098 /* Sources */,
				D48BF14E1E64EB5C00F62098 /* Frameworks */,
				D48BF14F1E64EB5C00F62098 /* Resources */,
			);
			buildRules = (
			);
			dependencies = (
			);
			name = dineTexas;
			productName = dineTexas;
			productReference = D48BF1511E64EB5C00F62098 /* dineTexas.app */;
			productType = "com.apple.product-type.application";
		};
/* End PBXNativeTarget section */

/* Begin PBXProject section */
		D48BF1491E64EB5C00F62098 /* Project object */ = {
			isa = PBXProject;
			attributes = {
				LastSwiftUpdateCheck = 0820;
				LastUpgradeCheck = 0820;
				ORGANIZATIONNAME = "Hyun Joong Kim";
				TargetAttributes = {
					D48BF1501E64EB5C00F62098 = {
						CreatedOnToolsVersion = 8.2.1;
						ProvisioningStyle = Automatic;
					};
				};
			};
			buildConfigurationList = D48BF14C1E64EB5C00F62098 /* Build configuration list for PBXProject "dineTexas" */;
			compatibilityVersion = "Xcode 3.2";
			developmentRegion = English;
			hasScannedForEncodings = 0;
			knownRegions = (
				en,
				Base,
			);
			mainGroup = D48BF1481E64EB5C00F62098;
			productRefGroup = D48BF1521E64EB5C00F62098 /* Products */;
			projectDirPath = "";
			projectRoot = "";
			targets = (
				D48BF1501E64EB5C00F62098 /* dineTexas */,
			);
		};
/* End PBXProject section */

/* Begin PBXResourcesBuildPhase section */
		D48BF14F1E64EB5C00F62098 /* Resources */ = {
			isa = PBXResourcesBuildPhase;
			buildActionMask = 2147483647;
			files = (
				D48BF1621E64EB5C00F62098 /* LaunchScreen.storyboard in Resources */,
				D48BF15F1E64EB5C00F62098 /* Assets.xcassets in Resources */,
				D48BF15A1E64EB5C00F62098 /* Main.storyboard in Resources */,
			);
			runOnlyForDeploymentPostprocessing = 0;
		};
/* End PBXResourcesBuildPhase section */

/* Begin PBXSourcesBuildPhase section */
		D48BF14D1E64EB5C00F62098 /* Sources */ = {
			isa = PBXSourcesBuildPhase;
			buildActionMask = 2147483647;
			files = (
				D48BF15D1E64EB5C00F62098 /* dineTexas.xcdatamodeld in Sources */,
				D48BF1571E64EB5C00F62098 /* ViewController.swift in Sources */,
				D48BF1551E64EB5C00F62098 /* AppDelegate.swift in Sources */,
				EFCDBB9C1E65F88E0053EFA2 /* MapViewController.swift in Sources */,
			);
			runOnlyForDeploymentPostprocessing = 0;
		};
/* End PBXSourcesBuildPhase section */

/* Begin PBXVariantGroup section */
		D48BF1581E64EB5C00F62098 /* Main.storyboard */ = {
			isa = PBXVariantGroup;
			children = (
				D48BF1591E64EB5C00F62098 /* Base */,
			);
			name = Main.storyboard;
			sourceTree = "<group>";
		};
		D48BF1601E64EB5C00F62098 /* LaunchScreen.storyboard */ = {
			isa = PBXVariantGroup;
			children = (
				D48BF1611E64EB5C00F62098 /* Base */,
			);
			name = LaunchScreen.storyboard;
			sourceTree = "<group>";
		};
/* End PBXVariantGroup section */

/* Begin XCBuildConfiguration section */
		D48BF1641E64EB5C00F62098 /* Debug */ = {
			isa = XCBuildConfiguration;
			buildSettings = {
				ALWAYS_SEARCH_USER_PATHS = NO;
				CLANG_ANALYZER_NONNULL = YES;
				CLANG_CXX_LANGUAGE_STANDARD = "gnu++0x";
				CLANG_CXX_LIBRARY = "libc++";
				CLANG_ENABLE_MODULES = YES;
				CLANG_ENABLE_OBJC_ARC = YES;
				CLANG_WARN_BOOL_CONVERSION = YES;
				CLANG_WARN_CONSTANT_CONVERSION = YES;
				CLANG_WARN_DIRECT_OBJC_ISA_USAGE = YES_ERROR;
				CLANG_WARN_DOCUMENTATION_COMMENTS = YES;
				CLANG_WARN_EMPTY_BODY = YES;
				CLANG_WARN_ENUM_CONVERSION = YES;
				CLANG_WARN_INFINITE_RECURSION = YES;
				CLANG_WARN_INT_CONVERSION = YES;
				CLANG_WARN_OBJC_ROOT_CLASS = YES_ERROR;
				CLANG_WARN_SUSPICIOUS_MOVE = YES;
				CLANG_WARN_UNREACHABLE_CODE = YES;
				CLANG_WARN__DUPLICATE_METHOD_MATCH = YES;
				"CODE_SIGN_IDENTITY[sdk=iphoneos*]" = "iPhone Developer";
				COPY_PHASE_STRIP = NO;
				DEBUG_INFORMATION_FORMAT = dwarf;
				ENABLE_STRICT_OBJC_MSGSEND = YES;
				ENABLE_TESTABILITY = YES;
				GCC_C_LANGUAGE_STANDARD = gnu99;
				GCC_DYNAMIC_NO_PIC = NO;
				GCC_NO_COMMON_BLOCKS = YES;
				GCC_OPTIMIZATION_LEVEL = 0;
				GCC_PREPROCESSOR_DEFINITIONS = (
					"DEBUG=1",
					"$(inherited)",
				);
				GCC_WARN_64_TO_32_BIT_CONVERSION = YES;
				GCC_WARN_ABOUT_RETURN_TYPE = YES_ERROR;
				GCC_WARN_UNDECLARED_SELECTOR = YES;
				GCC_WARN_UNINITIALIZED_AUTOS = YES_AGGRESSIVE;
				GCC_WARN_UNUSED_FUNCTION = YES;
				GCC_WARN_UNUSED_VARIABLE = YES;
				IPHONEOS_DEPLOYMENT_TARGET = 10.2;
				MTL_ENABLE_DEBUG_INFO = YES;
				ONLY_ACTIVE_ARCH = YES;
				SDKROOT = iphoneos;
				SWIFT_ACTIVE_COMPILATION_CONDITIONS = DEBUG;
				SWIFT_OPTIMIZATION_LEVEL = "-Onone";
				TARGETED_DEVICE_FAMILY = "1,2";
			};
			name = Debug;
		};
		D48BF1651E64EB5C00F62098 /* Release */ = {
			isa = XCBuildConfiguration;
			buildSettings = {
				ALWAYS_SEARCH_USER_PATHS = NO;
				CLANG_ANALYZER_NONNULL = YES;
				CLANG_CXX_LANGUAGE_STANDARD = "gnu++0x";
				CLANG_CXX_LIBRARY = "libc++";
				CLANG_ENABLE_MODULES = YES;
				CLANG_ENABLE_OBJC_ARC = YES;
				CLANG_WARN_BOOL_CONVERSION = YES;
				CLANG_WARN_CONSTANT_CONVERSION = YES;
				CLANG_WARN_DIRECT_OBJC_ISA_USAGE = YES_ERROR;
				CLANG_WARN_DOCUMENTATION_COMMENTS = YES;
				CLANG_WARN_EMPTY_BODY = YES;
				CLANG_WARN_ENUM_CONVERSION = YES;
				CLANG_WARN_INFINITE_RECURSION = YES;
				CLANG_WARN_INT_CONVERSION = YES;
				CLANG_WARN_OBJC_ROOT_CLASS = YES_ERROR;
				CLANG_WARN_SUSPICIOUS_MOVE = YES;
				CLANG_WARN_UNREACHABLE_CODE = YES;
				CLANG_WARN__DUPLICATE_METHOD_MATCH = YES;
				"CODE_SIGN_IDENTITY[sdk=iphoneos*]" = "iPhone Developer";
				COPY_PHASE_STRIP = NO;
				DEBUG_INFORMATION_FORMAT = "dwarf-with-dsym";
				ENABLE_NS_ASSERTIONS = NO;
				ENABLE_STRICT_OBJC_MSGSEND = YES;
				GCC_C_LANGUAGE_STANDARD = gnu99;
				GCC_NO_COMMON_BLOCKS = YES;
				GCC_WARN_64_TO_32_BIT_CONVERSION = YES;
				GCC_WARN_ABOUT_RETURN_TYPE = YES_ERROR;
				GCC_WARN_UNDECLARED_SELECTOR = YES;
				GCC_WARN_UNINITIALIZED_AUTOS = YES_AGGRESSIVE;
				GCC_WARN_UNUSED_FUNCTION = YES;
				GCC_WARN_UNUSED_VARIABLE = YES;
				IPHONEOS_DEPLOYMENT_TARGET = 10.2;
				MTL_ENABLE_DEBUG_INFO = NO;
				SDKROOT = iphoneos;
				SWIFT_OPTIMIZATION_LEVEL = "-Owholemodule";
				TARGETED_DEVICE_FAMILY = "1,2";
				VALIDATE_PRODUCT = YES;
			};
			name = Release;
		};
		D48BF1671E64EB5C00F62098 /* Debug */ = {
			isa = XCBuildConfiguration;
			buildSettings = {
				ASSETCATALOG_COMPILER_APPICON_NAME = AppIcon;
				INFOPLIST_FILE = dineTexas/Info.plist;
				LD_RUNPATH_SEARCH_PATHS = "$(inherited) @executable_path/Frameworks";
				PRODUCT_BUNDLE_IDENTIFIER = private.dineTexas;
				PRODUCT_NAME = "$(TARGET_NAME)";
				SWIFT_VERSION = 3.0;
			};
			name = Debug;
		};
		D48BF1681E64EB5C00F62098 /* Release */ = {
			isa = XCBuildConfiguration;
			buildSettings = {
				ASSETCATALOG_COMPILER_APPICON_NAME = AppIcon;
				INFOPLIST_FILE = dineTexas/Info.plist;
				LD_RUNPATH_SEARCH_PATHS = "$(inherited) @executable_path/Frameworks";
				PRODUCT_BUNDLE_IDENTIFIER = private.dineTexas;
				PRODUCT_NAME = "$(TARGET_NAME)";
				SWIFT_VERSION = 3.0;
			};
			name = Release;
		};
/* End XCBuildConfiguration section */

/* Begin XCConfigurationList section */
		D48BF14C1E64EB5C00F62098 /* Build configuration list for PBXProject "dineTexas" */ = {
			isa = XCConfigurationList;
			buildConfigurations = (
				D48BF1641E64EB5C00F62098 /* Debug */,
				D48BF1651E64EB5C00F62098 /* Release */,
			);
			defaultConfigurationIsVisible = 0;
			defaultConfigurationName = Release;
		};
		D48BF1661E64EB5C00F62098 /* Build configuration list for PBXNativeTarget "dineTexas" */ = {
			isa = XCConfigurationList;
			buildConfigurations = (
				D48BF1671E64EB5C00F62098 /* Debug */,
				D48BF1681E64EB5C00F62098 /* Release */,
			);
			defaultConfigurationIsVisible = 0;
			defaultConfigurationName = Release;
		};
/* End XCConfigurationList section */

/* Begin XCVersionGroup section */
		D48BF15B1E64EB5C00F62098 /* dineTexas.xcdatamodeld */ = {
			isa = XCVersionGroup;
			children = (
				D48BF15C1E64EB5C00F62098 /* dineTexas.xcdatamodel */,
			);
			currentVersion = D48BF15C1E64EB5C00F62098 /* dineTexas.xcdatamodel */;
			path = dineTexas.xcdatamodeld;
			sourceTree = "<group>";
			versionGroupType = wrapper.xcdatamodel;
		};
/* End XCVersionGroup section */
	};
	rootObject = D48BF1491E64EB5C00F62098 /* Project object */;
}
