// !$*UTF8*$!
{
	archiveVersion = 1;
	classes = {
	};
	objectVersion = 46;
	objects = {

/* Begin PBXBuildFile section */
		1F297C2F1EA575EB0045BFFD /* Locations.swift in Sources */ = {isa = PBXBuildFile; fileRef = 1F297C2E1EA575EB0045BFFD /* Locations.swift */; };
		1F31D4EA1EAED784005CF405 /* Star.png in Resources */ = {isa = PBXBuildFile; fileRef = 1F31D4E91EAED784005CF405 /* Star.png */; };
		1F46E3781EA3DC980010A58F /* cafe-green.png in Resources */ = {isa = PBXBuildFile; fileRef = 1F46E3721EA3DC980010A58F /* cafe-green.png */; };
		1F46E3791EA3DC980010A58F /* cafe-orange.png in Resources */ = {isa = PBXBuildFile; fileRef = 1F46E3731EA3DC980010A58F /* cafe-orange.png */; };
		1F46E37A1EA3DC980010A58F /* cafe-red.png in Resources */ = {isa = PBXBuildFile; fileRef = 1F46E3741EA3DC980010A58F /* cafe-red.png */; };
		1F46E37B1EA3DC980010A58F /* restaurant-green.png in Resources */ = {isa = PBXBuildFile; fileRef = 1F46E3751EA3DC980010A58F /* restaurant-green.png */; };
		1F46E37C1EA3DC980010A58F /* restaurant-orange.png in Resources */ = {isa = PBXBuildFile; fileRef = 1F46E3761EA3DC980010A58F /* restaurant-orange.png */; };
		1F46E37D1EA3DC980010A58F /* restaurant-red.png in Resources */ = {isa = PBXBuildFile; fileRef = 1F46E3771EA3DC980010A58F /* restaurant-red.png */; };
		1F68F2A31EA57AF200B32C77 /* CustomPointAnnotation.swift in Sources */ = {isa = PBXBuildFile; fileRef = 1F68F2A21EA57AF200B32C77 /* CustomPointAnnotation.swift */; };
		1FB065C51EAD3F0100D9DB3D /* favorite-orange.png in Resources */ = {isa = PBXBuildFile; fileRef = 1FB065C21EAD3F0100D9DB3D /* favorite-orange.png */; };
		1FB065C61EAD3F0100D9DB3D /* favorite-green.png in Resources */ = {isa = PBXBuildFile; fileRef = 1FB065C31EAD3F0100D9DB3D /* favorite-green.png */; };
		1FB065C71EAD3F0100D9DB3D /* favorite-red.png in Resources */ = {isa = PBXBuildFile; fileRef = 1FB065C41EAD3F0100D9DB3D /* favorite-red.png */; };
		1FD701951E7AA2E700EBCC07 /* LogonStatus.swift in Sources */ = {isa = PBXBuildFile; fileRef = 1FD701941E7AA2E700EBCC07 /* LogonStatus.swift */; };
		D457292B1E809C8200152687 /* WelcomeVC.swift in Sources */ = {isa = PBXBuildFile; fileRef = D457292A1E809C8200152687 /* WelcomeVC.swift */; };
		D45729301E809CF400152687 /* RegistrationVC.swift in Sources */ = {isa = PBXBuildFile; fileRef = D457292F1E809CF400152687 /* RegistrationVC.swift */; };
		D45729331E809D9C00152687 /* LoginVC.swift in Sources */ = {isa = PBXBuildFile; fileRef = D45729321E809D9C00152687 /* LoginVC.swift */; };
		D45729351E809DB800152687 /* ForgotPasswordVC.swift in Sources */ = {isa = PBXBuildFile; fileRef = D45729341E809DB800152687 /* ForgotPasswordVC.swift */; };
		D45729371E80A0E300152687 /* DetailedVC.swift in Sources */ = {isa = PBXBuildFile; fileRef = D45729361E80A0E300152687 /* DetailedVC.swift */; };
		D45729391E80A13B00152687 /* GlkVC.swift in Sources */ = {isa = PBXBuildFile; fileRef = D45729381E80A13B00152687 /* GlkVC.swift */; };
		D45FFC381E80A1A200372884 /* MenuVC.swift in Sources */ = {isa = PBXBuildFile; fileRef = D45FFC371E80A1A200372884 /* MenuVC.swift */; };
		D45FFC3A1E80A1CE00372884 /* SettingVC.swift in Sources */ = {isa = PBXBuildFile; fileRef = D45FFC391E80A1CE00372884 /* SettingVC.swift */; };
		D45FFC3C1E80A1D900372884 /* RadiusSettingVC.swift in Sources */ = {isa = PBXBuildFile; fileRef = D45FFC3B1E80A1D900372884 /* RadiusSettingVC.swift */; };
		D45FFC3E1E80A22900372884 /* MainTableViewController.swift in Sources */ = {isa = PBXBuildFile; fileRef = D45FFC3D1E80A22900372884 /* MainTableViewController.swift */; };
		D4682F031E95D99A00A5586C /* Location.swift in Sources */ = {isa = PBXBuildFile; fileRef = D4682F021E95D99A00A5586C /* Location.swift */; };
		D48A88E41E8097DB004C8678 /* logo.png in Resources */ = {isa = PBXBuildFile; fileRef = D48A88E31E8097DB004C8678 /* logo.png */; };
		D48BF1551E64EB5C00F62098 /* AppDelegate.swift in Sources */ = {isa = PBXBuildFile; fileRef = D48BF1541E64EB5C00F62098 /* AppDelegate.swift */; };
		D48BF1571E64EB5C00F62098 /* LogoVC.swift in Sources */ = {isa = PBXBuildFile; fileRef = D48BF1561E64EB5C00F62098 /* LogoVC.swift */; };
		D48BF15A1E64EB5C00F62098 /* Main.storyboard in Resources */ = {isa = PBXBuildFile; fileRef = D48BF1581E64EB5C00F62098 /* Main.storyboard */; };
		D48BF15D1E64EB5C00F62098 /* dineTexas.xcdatamodeld in Sources */ = {isa = PBXBuildFile; fileRef = D48BF15B1E64EB5C00F62098 /* dineTexas.xcdatamodeld */; };
		D48BF15F1E64EB5C00F62098 /* Assets.xcassets in Resources */ = {isa = PBXBuildFile; fileRef = D48BF15E1E64EB5C00F62098 /* Assets.xcassets */; };
		D48BF1621E64EB5C00F62098 /* LaunchScreen.storyboard in Resources */ = {isa = PBXBuildFile; fileRef = D48BF1601E64EB5C00F62098 /* LaunchScreen.storyboard */; };
		D4D8DEC71E8ADEA500B6DF08 /* AdSupport.framework in Frameworks */ = {isa = PBXBuildFile; fileRef = D4D8DEC61E8ADEA500B6DF08 /* AdSupport.framework */; };
		D4E881181E70D914002E80C5 /* GoogleService-Info.plist in Resources */ = {isa = PBXBuildFile; fileRef = D4E881171E70D914002E80C5 /* GoogleService-Info.plist */; };
		EF4DC8D01EA58D3F00E806CB /* Caffé Medici.jpg in Resources */ = {isa = PBXBuildFile; fileRef = EF4DC8C81EA58D3F00E806CB /* Caffé Medici.jpg */; };
		EF4DC8D11EA58D3F00E806CB /* Chick-fil-A.jpg in Resources */ = {isa = PBXBuildFile; fileRef = EF4DC8C91EA58D3F00E806CB /* Chick-fil-A.jpg */; };
		EF4DC8D21EA58D3F00E806CB /* Don Japanese Food Truck.jpg in Resources */ = {isa = PBXBuildFile; fileRef = EF4DC8CA1EA58D3F00E806CB /* Don Japanese Food Truck.jpg */; };
		EF4DC8D31EA58D3F00E806CB /* Kerbey Lane Cafe.jpg in Resources */ = {isa = PBXBuildFile; fileRef = EF4DC8CB1EA58D3F00E806CB /* Kerbey Lane Cafe.jpg */; };
		EF4DC8D41EA58D3F00E806CB /* Starbucks Coffee.jpg in Resources */ = {isa = PBXBuildFile; fileRef = EF4DC8CC1EA58D3F00E806CB /* Starbucks Coffee.jpg */; };
		EF4DC8D51EA58D3F00E806CB /* Taco Cabana.jpg in Resources */ = {isa = PBXBuildFile; fileRef = EF4DC8CD1EA58D3F00E806CB /* Taco Cabana.jpg */; };
		EF4DC8D61EA58D3F00E806CB /* Texas Expresso.jpg in Resources */ = {isa = PBXBuildFile; fileRef = EF4DC8CE1EA58D3F00E806CB /* Texas Expresso.jpg */; };
		EF4DC8D71EA58D3F00E806CB /* Torchy's Tacos.jpg in Resources */ = {isa = PBXBuildFile; fileRef = EF4DC8CF1EA58D3F00E806CB /* Torchy's Tacos.jpg */; };
		EF4DC8DB1EA58F4900E806CB /* Star.jpeg in Resources */ = {isa = PBXBuildFile; fileRef = EF4DC8DA1EA58F4900E806CB /* Star.jpeg */; };
		EF6AA5BE1E85DD59006334F2 /* AddLocationViewController.swift in Sources */ = {isa = PBXBuildFile; fileRef = EF6AA5BD1E85DD59006334F2 /* AddLocationViewController.swift */; };
		EFBDEED01EBD222E0027DE67 /* check.png in Resources */ = {isa = PBXBuildFile; fileRef = EFBDEECE1EBD222E0027DE67 /* check.png */; };
		EFBDEED11EBD222E0027DE67 /* x.png in Resources */ = {isa = PBXBuildFile; fileRef = EFBDEECF1EBD222E0027DE67 /* x.png */; };
		EFCDBB9C1E65F88E0053EFA2 /* MapVC.swift in Sources */ = {isa = PBXBuildFile; fileRef = EFCDBB9B1E65F88D0053EFA2 /* MapVC.swift */; };
/* End PBXBuildFile section */

/* Begin PBXFileReference section */
		17151DAC14AEC0DFFE4EDC22 /* Pods-dineTexas.debug.xcconfig */ = {isa = PBXFileReference; includeInIndex = 1; lastKnownFileType = text.xcconfig; name = "Pods-dineTexas.debug.xcconfig"; path = "Pods/Target Support Files/Pods-dineTexas/Pods-dineTexas.debug.xcconfig"; sourceTree = "<group>"; };
		1F297C2E1EA575EB0045BFFD /* Locations.swift */ = {isa = PBXFileReference; fileEncoding = 4; lastKnownFileType = sourcecode.swift; path = Locations.swift; sourceTree = "<group>"; };
		1F31D4E91EAED784005CF405 /* Star.png */ = {isa = PBXFileReference; lastKnownFileType = image.png; path = Star.png; sourceTree = "<group>"; };
		1F46E3721EA3DC980010A58F /* cafe-green.png */ = {isa = PBXFileReference; lastKnownFileType = image.png; path = "cafe-green.png"; sourceTree = "<group>"; };
		1F46E3731EA3DC980010A58F /* cafe-orange.png */ = {isa = PBXFileReference; lastKnownFileType = image.png; path = "cafe-orange.png"; sourceTree = "<group>"; };
		1F46E3741EA3DC980010A58F /* cafe-red.png */ = {isa = PBXFileReference; lastKnownFileType = image.png; path = "cafe-red.png"; sourceTree = "<group>"; };
		1F46E3751EA3DC980010A58F /* restaurant-green.png */ = {isa = PBXFileReference; lastKnownFileType = image.png; path = "restaurant-green.png"; sourceTree = "<group>"; };
		1F46E3761EA3DC980010A58F /* restaurant-orange.png */ = {isa = PBXFileReference; lastKnownFileType = image.png; path = "restaurant-orange.png"; sourceTree = "<group>"; };
		1F46E3771EA3DC980010A58F /* restaurant-red.png */ = {isa = PBXFileReference; lastKnownFileType = image.png; path = "restaurant-red.png"; sourceTree = "<group>"; };
		1F68F2A21EA57AF200B32C77 /* CustomPointAnnotation.swift */ = {isa = PBXFileReference; fileEncoding = 4; lastKnownFileType = sourcecode.swift; name = CustomPointAnnotation.swift; path = ../CustomPointAnnotation.swift; sourceTree = "<group>"; };
		1FB065C21EAD3F0100D9DB3D /* favorite-orange.png */ = {isa = PBXFileReference; lastKnownFileType = image.png; path = "favorite-orange.png"; sourceTree = "<group>"; };
		1FB065C31EAD3F0100D9DB3D /* favorite-green.png */ = {isa = PBXFileReference; lastKnownFileType = image.png; path = "favorite-green.png"; sourceTree = "<group>"; };
		1FB065C41EAD3F0100D9DB3D /* favorite-red.png */ = {isa = PBXFileReference; lastKnownFileType = image.png; path = "favorite-red.png"; sourceTree = "<group>"; };
		1FD701941E7AA2E700EBCC07 /* LogonStatus.swift */ = {isa = PBXFileReference; fileEncoding = 4; lastKnownFileType = sourcecode.swift; path = LogonStatus.swift; sourceTree = "<group>"; };
		BC9092C066E5D1A9B6D5A441 /* Pods-dineTexas.release.xcconfig */ = {isa = PBXFileReference; includeInIndex = 1; lastKnownFileType = text.xcconfig; name = "Pods-dineTexas.release.xcconfig"; path = "Pods/Target Support Files/Pods-dineTexas/Pods-dineTexas.release.xcconfig"; sourceTree = "<group>"; };
		D457292A1E809C8200152687 /* WelcomeVC.swift */ = {isa = PBXFileReference; fileEncoding = 4; lastKnownFileType = sourcecode.swift; path = WelcomeVC.swift; sourceTree = "<group>"; };
		D457292F1E809CF400152687 /* RegistrationVC.swift */ = {isa = PBXFileReference; fileEncoding = 4; lastKnownFileType = sourcecode.swift; path = RegistrationVC.swift; sourceTree = "<group>"; };
		D45729321E809D9C00152687 /* LoginVC.swift */ = {isa = PBXFileReference; fileEncoding = 4; lastKnownFileType = sourcecode.swift; path = LoginVC.swift; sourceTree = "<group>"; };
		D45729341E809DB800152687 /* ForgotPasswordVC.swift */ = {isa = PBXFileReference; fileEncoding = 4; lastKnownFileType = sourcecode.swift; path = ForgotPasswordVC.swift; sourceTree = "<group>"; };
		D45729361E80A0E300152687 /* DetailedVC.swift */ = {isa = PBXFileReference; fileEncoding = 4; lastKnownFileType = sourcecode.swift; path = DetailedVC.swift; sourceTree = "<group>"; };
		D45729381E80A13B00152687 /* GlkVC.swift */ = {isa = PBXFileReference; fileEncoding = 4; lastKnownFileType = sourcecode.swift; path = GlkVC.swift; sourceTree = "<group>"; };
		D45FFC371E80A1A200372884 /* MenuVC.swift */ = {isa = PBXFileReference; fileEncoding = 4; lastKnownFileType = sourcecode.swift; path = MenuVC.swift; sourceTree = "<group>"; };
		D45FFC391E80A1CE00372884 /* SettingVC.swift */ = {isa = PBXFileReference; fileEncoding = 4; lastKnownFileType = sourcecode.swift; path = SettingVC.swift; sourceTree = "<group>"; };
		D45FFC3B1E80A1D900372884 /* RadiusSettingVC.swift */ = {isa = PBXFileReference; fileEncoding = 4; lastKnownFileType = sourcecode.swift; path = RadiusSettingVC.swift; sourceTree = "<group>"; };
		D45FFC3D1E80A22900372884 /* MainTableViewController.swift */ = {isa = PBXFileReference; fileEncoding = 4; lastKnownFileType = sourcecode.swift; path = MainTableViewController.swift; sourceTree = "<group>"; };
		D4682F021E95D99A00A5586C /* Location.swift */ = {isa = PBXFileReference; fileEncoding = 4; lastKnownFileType = sourcecode.swift; path = Location.swift; sourceTree = "<group>"; };
		D48A88E31E8097DB004C8678 /* logo.png */ = {isa = PBXFileReference; lastKnownFileType = image.png; path = logo.png; sourceTree = "<group>"; };
		D48BF1511E64EB5C00F62098 /* dineTexas.app */ = {isa = PBXFileReference; explicitFileType = wrapper.application; includeInIndex = 0; path = dineTexas.app; sourceTree = BUILT_PRODUCTS_DIR; };
		D48BF1541E64EB5C00F62098 /* AppDelegate.swift */ = {isa = PBXFileReference; lastKnownFileType = sourcecode.swift; path = AppDelegate.swift; sourceTree = "<group>"; };
		D48BF1561E64EB5C00F62098 /* LogoVC.swift */ = {isa = PBXFileReference; lastKnownFileType = sourcecode.swift; path = LogoVC.swift; sourceTree = "<group>"; };
		D48BF1591E64EB5C00F62098 /* Base */ = {isa = PBXFileReference; lastKnownFileType = file.storyboard; name = Base; path = Base.lproj/Main.storyboard; sourceTree = "<group>"; };
		D48BF15C1E64EB5C00F62098 /* dineTexas.xcdatamodel */ = {isa = PBXFileReference; lastKnownFileType = wrapper.xcdatamodel; path = dineTexas.xcdatamodel; sourceTree = "<group>"; };
		D48BF15E1E64EB5C00F62098 /* Assets.xcassets */ = {isa = PBXFileReference; lastKnownFileType = folder.assetcatalog; path = Assets.xcassets; sourceTree = "<group>"; };
		D48BF1611E64EB5C00F62098 /* Base */ = {isa = PBXFileReference; lastKnownFileType = file.storyboard; name = Base; path = Base.lproj/LaunchScreen.storyboard; sourceTree = "<group>"; };
		D48BF1631E64EB5C00F62098 /* Info.plist */ = {isa = PBXFileReference; lastKnownFileType = text.plist.xml; path = Info.plist; sourceTree = "<group>"; };
		D4D8DEC51E8AD6C400B6DF08 /* dineTexas.entitlements */ = {isa = PBXFileReference; lastKnownFileType = text.plist.entitlements; path = dineTexas.entitlements; sourceTree = "<group>"; };
		D4D8DEC61E8ADEA500B6DF08 /* AdSupport.framework */ = {isa = PBXFileReference; lastKnownFileType = wrapper.framework; name = AdSupport.framework; path = System/Library/Frameworks/AdSupport.framework; sourceTree = SDKROOT; };
		D4E881171E70D914002E80C5 /* GoogleService-Info.plist */ = {isa = PBXFileReference; fileEncoding = 4; lastKnownFileType = text.plist.xml; path = "GoogleService-Info.plist"; sourceTree = "<group>"; };
		EF4DC8C81EA58D3F00E806CB /* Caffé Medici.jpg */ = {isa = PBXFileReference; lastKnownFileType = image.jpeg; path = "Caffé Medici.jpg"; sourceTree = "<group>"; };
		EF4DC8C91EA58D3F00E806CB /* Chick-fil-A.jpg */ = {isa = PBXFileReference; lastKnownFileType = image.jpeg; path = "Chick-fil-A.jpg"; sourceTree = "<group>"; };
		EF4DC8CA1EA58D3F00E806CB /* Don Japanese Food Truck.jpg */ = {isa = PBXFileReference; lastKnownFileType = image.jpeg; path = "Don Japanese Food Truck.jpg"; sourceTree = "<group>"; };
		EF4DC8CB1EA58D3F00E806CB /* Kerbey Lane Cafe.jpg */ = {isa = PBXFileReference; lastKnownFileType = image.jpeg; path = "Kerbey Lane Cafe.jpg"; sourceTree = "<group>"; };
		EF4DC8CC1EA58D3F00E806CB /* Starbucks Coffee.jpg */ = {isa = PBXFileReference; lastKnownFileType = image.jpeg; path = "Starbucks Coffee.jpg"; sourceTree = "<group>"; };
		EF4DC8CD1EA58D3F00E806CB /* Taco Cabana.jpg */ = {isa = PBXFileReference; lastKnownFileType = image.jpeg; path = "Taco Cabana.jpg"; sourceTree = "<group>"; };
		EF4DC8CE1EA58D3F00E806CB /* Texas Expresso.jpg */ = {isa = PBXFileReference; lastKnownFileType = image.jpeg; path = "Texas Expresso.jpg"; sourceTree = "<group>"; };
		EF4DC8CF1EA58D3F00E806CB /* Torchy's Tacos.jpg */ = {isa = PBXFileReference; lastKnownFileType = image.jpeg; path = "Torchy's Tacos.jpg"; sourceTree = "<group>"; };
		EF4DC8DA1EA58F4900E806CB /* Star.jpeg */ = {isa = PBXFileReference; lastKnownFileType = image.jpeg; path = Star.jpeg; sourceTree = "<group>"; };
		EF6AA5BD1E85DD59006334F2 /* AddLocationViewController.swift */ = {isa = PBXFileReference; fileEncoding = 4; lastKnownFileType = sourcecode.swift; path = AddLocationViewController.swift; sourceTree = "<group>"; };
		EFBDEECE1EBD222E0027DE67 /* check.png */ = {isa = PBXFileReference; lastKnownFileType = image.png; path = check.png; sourceTree = "<group>"; };
		EFBDEECF1EBD222E0027DE67 /* x.png */ = {isa = PBXFileReference; lastKnownFileType = image.png; path = x.png; sourceTree = "<group>"; };
		EFCDBB9B1E65F88D0053EFA2 /* MapVC.swift */ = {isa = PBXFileReference; fileEncoding = 4; lastKnownFileType = sourcecode.swift; path = MapVC.swift; sourceTree = "<group>"; };
/* End PBXFileReference section */

/* Begin PBXFrameworksBuildPhase section */
		D48BF14E1E64EB5C00F62098 /* Frameworks */ = {
			isa = PBXFrameworksBuildPhase;
			buildActionMask = 2147483647;
			files = (
				D4D8DEC71E8ADEA500B6DF08 /* AdSupport.framework in Frameworks */,
			);
			runOnlyForDeploymentPostprocessing = 0;
		};
/* End PBXFrameworksBuildPhase section */

/* Begin PBXGroup section */
		22770E4E8A1D0083CDDBABBB /* Pods */ = {
			isa = PBXGroup;
			children = (
				17151DAC14AEC0DFFE4EDC22 /* Pods-dineTexas.debug.xcconfig */,
				BC9092C066E5D1A9B6D5A441 /* Pods-dineTexas.release.xcconfig */,
			);
			name = Pods;
			sourceTree = "<group>";
		};
		D457292C1E809C8A00152687 /* Registration */ = {
			isa = PBXGroup;
			children = (
				D48BF1561E64EB5C00F62098 /* LogoVC.swift */,
				D457292A1E809C8200152687 /* WelcomeVC.swift */,
				D457292F1E809CF400152687 /* RegistrationVC.swift */,
				D45729321E809D9C00152687 /* LoginVC.swift */,
				D45729341E809DB800152687 /* ForgotPasswordVC.swift */,
			);
			name = Registration;
			sourceTree = "<group>";
		};
		D457292E1E809C9F00152687 /* MainApp */ = {
			isa = PBXGroup;
			children = (
				1F68F2A21EA57AF200B32C77 /* CustomPointAnnotation.swift */,
				EFCDBB9B1E65F88D0053EFA2 /* MapVC.swift */,
				D45729361E80A0E300152687 /* DetailedVC.swift */,
				D45729381E80A13B00152687 /* GlkVC.swift */,
				D45FFC371E80A1A200372884 /* MenuVC.swift */,
				D45FFC391E80A1CE00372884 /* SettingVC.swift */,
				D45FFC3B1E80A1D900372884 /* RadiusSettingVC.swift */,
				D45FFC3D1E80A22900372884 /* MainTableViewController.swift */,
				EF6AA5BD1E85DD59006334F2 /* AddLocationViewController.swift */,
				1F297C2E1EA575EB0045BFFD /* Locations.swift */,
			);
			name = MainApp;
			sourceTree = "<group>";
		};
		D45729311E809D2900152687 /* etc */ = {
			isa = PBXGroup;
			children = (
				D48BF15E1E64EB5C00F62098 /* Assets.xcassets */,
				D48BF1601E64EB5C00F62098 /* LaunchScreen.storyboard */,
				D48BF1631E64EB5C00F62098 /* Info.plist */,
				D48BF15B1E64EB5C00F62098 /* dineTexas.xcdatamodeld */,
				D4E881171E70D914002E80C5 /* GoogleService-Info.plist */,
			);
			name = etc;
			sourceTree = "<group>";
		};
		D48A88E01E8097B7004C8678 /* Resources */ = {
			isa = PBXGroup;
			children = (
				EFBDEECE1EBD222E0027DE67 /* check.png */,
				EFBDEECF1EBD222E0027DE67 /* x.png */,
				1F31D4E91EAED784005CF405 /* Star.png */,
				1FB065C21EAD3F0100D9DB3D /* favorite-orange.png */,
				1FB065C31EAD3F0100D9DB3D /* favorite-green.png */,
				1FB065C41EAD3F0100D9DB3D /* favorite-red.png */,
				EF4DC8DA1EA58F4900E806CB /* Star.jpeg */,
				EF4DC8C81EA58D3F00E806CB /* Caffé Medici.jpg */,
				EF4DC8C91EA58D3F00E806CB /* Chick-fil-A.jpg */,
				EF4DC8CA1EA58D3F00E806CB /* Don Japanese Food Truck.jpg */,
				EF4DC8CB1EA58D3F00E806CB /* Kerbey Lane Cafe.jpg */,
				EF4DC8CC1EA58D3F00E806CB /* Starbucks Coffee.jpg */,
				EF4DC8CD1EA58D3F00E806CB /* Taco Cabana.jpg */,
				EF4DC8CE1EA58D3F00E806CB /* Texas Expresso.jpg */,
				EF4DC8CF1EA58D3F00E806CB /* Torchy's Tacos.jpg */,
				1F46E3721EA3DC980010A58F /* cafe-green.png */,
				1F46E3731EA3DC980010A58F /* cafe-orange.png */,
				1F46E3741EA3DC980010A58F /* cafe-red.png */,
				1F46E3751EA3DC980010A58F /* restaurant-green.png */,
				1F46E3761EA3DC980010A58F /* restaurant-orange.png */,
				1F46E3771EA3DC980010A58F /* restaurant-red.png */,
				D48A88E31E8097DB004C8678 /* logo.png */,
			);
			name = Resources;
			sourceTree = "<group>";
		};
		D48BF1481E64EB5C00F62098 = {
			isa = PBXGroup;
			children = (
				D48BF1531E64EB5C00F62098 /* dineTexas */,
				D48A88E01E8097B7004C8678 /* Resources */,
				D48BF1521E64EB5C00F62098 /* Products */,
				22770E4E8A1D0083CDDBABBB /* Pods */,
				D5EA88F9E76861797346A8AC /* Frameworks */,
			);
			sourceTree = "<group>";
		};
		D48BF1521E64EB5C00F62098 /* Products */ = {
			isa = PBXGroup;
			children = (
				D48BF1511E64EB5C00F62098 /* dineTexas.app */,
			);
			name = Products;
			sourceTree = "<group>";
		};
		D48BF1531E64EB5C00F62098 /* dineTexas */ = {
			isa = PBXGroup;
			children = (
				D4D8DEC51E8AD6C400B6DF08 /* dineTexas.entitlements */,
				D48BF1541E64EB5C00F62098 /* AppDelegate.swift */,
				1FD701941E7AA2E700EBCC07 /* LogonStatus.swift */,
				D4682F021E95D99A00A5586C /* Location.swift */,
				D48BF1581E64EB5C00F62098 /* Main.storyboard */,
				D457292C1E809C8A00152687 /* Registration */,
				D457292E1E809C9F00152687 /* MainApp */,
				D45729311E809D2900152687 /* etc */,
			);
			path = dineTexas;
			sourceTree = "<group>";
		};
		D5EA88F9E76861797346A8AC /* Frameworks */ = {
			isa = PBXGroup;
			children = (
				D4D8DEC61E8ADEA500B6DF08 /* AdSupport.framework */,
			);
			name = Frameworks;
			sourceTree = "<group>";
		};
/* End PBXGroup section */

/* Begin PBXNativeTarget section */
		D48BF1501E64EB5C00F62098 /* dineTexas */ = {
			isa = PBXNativeTarget;
			buildConfigurationList = D48BF1661E64EB5C00F62098 /* Build configuration list for PBXNativeTarget "dineTexas" */;
			buildPhases = (
				FD808833F45FA4F9B09AD50F /* [CP] Check Pods Manifest.lock */,
				D48BF14D1E64EB5C00F62098 /* Sources */,
				D48BF14E1E64EB5C00F62098 /* Frameworks */,
				D48BF14F1E64EB5C00F62098 /* Resources */,
				37A42544E1AF5C7A4F296353 /* [CP] Embed Pods Frameworks */,
				D671F46BD8DC0ECF18487462 /* [CP] Copy Pods Resources */,
			);
			buildRules = (
			);
			dependencies = (
			);
			name = dineTexas;
			productName = dineTexas;
			productReference = D48BF1511E64EB5C00F62098 /* dineTexas.app */;
			productType = "com.apple.product-type.application";
		};
/* End PBXNativeTarget section */

/* Begin PBXProject section */
		D48BF1491E64EB5C00F62098 /* Project object */ = {
			isa = PBXProject;
			attributes = {
				LastSwiftUpdateCheck = 0820;
				LastUpgradeCheck = 0820;
				ORGANIZATIONNAME = "Hyun Joong Kim";
				TargetAttributes = {
					D48BF1501E64EB5C00F62098 = {
						CreatedOnToolsVersion = 8.2.1;
						ProvisioningStyle = Automatic;
						SystemCapabilities = {
							com.apple.Keychain = {
								enabled = 0;
							};
						};
					};
				};
			};
			buildConfigurationList = D48BF14C1E64EB5C00F62098 /* Build configuration list for PBXProject "dineTexas" */;
			compatibilityVersion = "Xcode 3.2";
			developmentRegion = English;
			hasScannedForEncodings = 0;
			knownRegions = (
				en,
				Base,
			);
			mainGroup = D48BF1481E64EB5C00F62098;
			productRefGroup = D48BF1521E64EB5C00F62098 /* Products */;
			projectDirPath = "";
			projectRoot = "";
			targets = (
				D48BF1501E64EB5C00F62098 /* dineTexas */,
			);
		};
/* End PBXProject section */

/* Begin PBXResourcesBuildPhase section */
		D48BF14F1E64EB5C00F62098 /* Resources */ = {
			isa = PBXResourcesBuildPhase;
			buildActionMask = 2147483647;
			files = (
				1F46E3781EA3DC980010A58F /* cafe-green.png in Resources */,
				1F46E37B1EA3DC980010A58F /* restaurant-green.png in Resources */,
				D48BF1621E64EB5C00F62098 /* LaunchScreen.storyboard in Resources */,
				EF4DC8D51EA58D3F00E806CB /* Taco Cabana.jpg in Resources */,
				1FB065C51EAD3F0100D9DB3D /* favorite-orange.png in Resources */,
				D48A88E41E8097DB004C8678 /* logo.png in Resources */,
				EFBDEED01EBD222E0027DE67 /* check.png in Resources */,
				D4E881181E70D914002E80C5 /* GoogleService-Info.plist in Resources */,
				1FB065C61EAD3F0100D9DB3D /* favorite-green.png in Resources */,
				EF4DC8D31EA58D3F00E806CB /* Kerbey Lane Cafe.jpg in Resources */,
				D48BF15F1E64EB5C00F62098 /* Assets.xcassets in Resources */,
				1F46E37C1EA3DC980010A58F /* restaurant-orange.png in Resources */,
				EF4DC8D61EA58D3F00E806CB /* Texas Expresso.jpg in Resources */,
				1F46E3791EA3DC980010A58F /* cafe-orange.png in Resources */,
				EFBDEED11EBD222E0027DE67 /* x.png in Resources */,
				1F46E37A1EA3DC980010A58F /* cafe-red.png in Resources */,
				EF4DC8D01EA58D3F00E806CB /* Caffé Medici.jpg in Resources */,
				1FB065C71EAD3F0100D9DB3D /* favorite-red.png in Resources */,
				D48BF15A1E64EB5C00F62098 /* Main.storyboard in Resources */,
				EF4DC8D11EA58D3F00E806CB /* Chick-fil-A.jpg in Resources */,
				EF4DC8DB1EA58F4900E806CB /* Star.jpeg in Resources */,
				EF4DC8D41EA58D3F00E806CB /* Starbucks Coffee.jpg in Resources */,
				EF4DC8D71EA58D3F00E806CB /* Torchy's Tacos.jpg in Resources */,
				1F31D4EA1EAED784005CF405 /* Star.png in Resources */,
				1F46E37D1EA3DC980010A58F /* restaurant-red.png in Resources */,
				EF4DC8D21EA58D3F00E806CB /* Don Japanese Food Truck.jpg in Resources */,
			);
			runOnlyForDeploymentPostprocessing = 0;
		};
/* End PBXResourcesBuildPhase section */

/* Begin PBXShellScriptBuildPhase section */
		37A42544E1AF5C7A4F296353 /* [CP] Embed Pods Frameworks */ = {
			isa = PBXShellScriptBuildPhase;
			buildActionMask = 2147483647;
			files = (
			);
			inputPaths = (
			);
			name = "[CP] Embed Pods Frameworks";
			outputPaths = (
			);
			runOnlyForDeploymentPostprocessing = 0;
			shellPath = /bin/sh;
			shellScript = "\"${SRCROOT}/Pods/Target Support Files/Pods-dineTexas/Pods-dineTexas-frameworks.sh\"\n";
			showEnvVarsInLog = 0;
		};
		D671F46BD8DC0ECF18487462 /* [CP] Copy Pods Resources */ = {
			isa = PBXShellScriptBuildPhase;
			buildActionMask = 2147483647;
			files = (
			);
			inputPaths = (
			);
			name = "[CP] Copy Pods Resources";
			outputPaths = (
			);
			runOnlyForDeploymentPostprocessing = 0;
			shellPath = /bin/sh;
			shellScript = "\"${SRCROOT}/Pods/Target Support Files/Pods-dineTexas/Pods-dineTexas-resources.sh\"\n";
			showEnvVarsInLog = 0;
		};
		FD808833F45FA4F9B09AD50F /* [CP] Check Pods Manifest.lock */ = {
			isa = PBXShellScriptBuildPhase;
			buildActionMask = 2147483647;
			files = (
			);
			inputPaths = (
			);
			name = "[CP] Check Pods Manifest.lock";
			outputPaths = (
			);
			runOnlyForDeploymentPostprocessing = 0;
			shellPath = /bin/sh;
			shellScript = "diff \"${PODS_ROOT}/../Podfile.lock\" \"${PODS_ROOT}/Manifest.lock\" > /dev/null\nif [[ $? != 0 ]] ; then\n    cat << EOM\nerror: The sandbox is not in sync with the Podfile.lock. Run 'pod install' or update your CocoaPods installation.\nEOM\n    exit 1\nfi\n";
			showEnvVarsInLog = 0;
		};
/* End PBXShellScriptBuildPhase section */

/* Begin PBXSourcesBuildPhase section */
		D48BF14D1E64EB5C00F62098 /* Sources */ = {
			isa = PBXSourcesBuildPhase;
			buildActionMask = 2147483647;
			files = (
				1F297C2F1EA575EB0045BFFD /* Locations.swift in Sources */,
				D48BF15D1E64EB5C00F62098 /* dineTexas.xcdatamodeld in Sources */,
				D48BF1571E64EB5C00F62098 /* LogoVC.swift in Sources */,
				1F68F2A31EA57AF200B32C77 /* CustomPointAnnotation.swift in Sources */,
				D45729371E80A0E300152687 /* DetailedVC.swift in Sources */,
				D45FFC3A1E80A1CE00372884 /* SettingVC.swift in Sources */,
				D45729331E809D9C00152687 /* LoginVC.swift in Sources */,
				D4682F031E95D99A00A5586C /* Location.swift in Sources */,
				D48BF1551E64EB5C00F62098 /* AppDelegate.swift in Sources */,
				D457292B1E809C8200152687 /* WelcomeVC.swift in Sources */,
				D45729351E809DB800152687 /* ForgotPasswordVC.swift in Sources */,
				D45FFC381E80A1A200372884 /* MenuVC.swift in Sources */,
				D45729301E809CF400152687 /* RegistrationVC.swift in Sources */,
				D45729391E80A13B00152687 /* GlkVC.swift in Sources */,
				EF6AA5BE1E85DD59006334F2 /* AddLocationViewController.swift in Sources */,
				EFCDBB9C1E65F88E0053EFA2 /* MapVC.swift in Sources */,
				1FD701951E7AA2E700EBCC07 /* LogonStatus.swift in Sources */,
				D45FFC3E1E80A22900372884 /* MainTableViewController.swift in Sources */,
				D45FFC3C1E80A1D900372884 /* RadiusSettingVC.swift in Sources */,
			);
			runOnlyForDeploymentPostprocessing = 0;
		};
/* End PBXSourcesBuildPhase section */

/* Begin PBXVariantGroup section */
		D48BF1581E64EB5C00F62098 /* Main.storyboard */ = {
			isa = PBXVariantGroup;
			children = (
				D48BF1591E64EB5C00F62098 /* Base */,
			);
			name = Main.storyboard;
			sourceTree = "<group>";
		};
		D48BF1601E64EB5C00F62098 /* LaunchScreen.storyboard */ = {
			isa = PBXVariantGroup;
			children = (
				D48BF1611E64EB5C00F62098 /* Base */,
			);
			name = LaunchScreen.storyboard;
			sourceTree = "<group>";
		};
/* End PBXVariantGroup section */

/* Begin XCBuildConfiguration section */
		D48BF1641E64EB5C00F62098 /* Debug */ = {
			isa = XCBuildConfiguration;
			buildSettings = {
				ALWAYS_SEARCH_USER_PATHS = NO;
				CLANG_ANALYZER_NONNULL = YES;
				CLANG_CXX_LANGUAGE_STANDARD = "gnu++0x";
				CLANG_CXX_LIBRARY = "libc++";
				CLANG_ENABLE_MODULES = YES;
				CLANG_ENABLE_OBJC_ARC = YES;
				CLANG_WARN_BOOL_CONVERSION = YES;
				CLANG_WARN_CONSTANT_CONVERSION = YES;
				CLANG_WARN_DIRECT_OBJC_ISA_USAGE = YES_ERROR;
				CLANG_WARN_DOCUMENTATION_COMMENTS = YES;
				CLANG_WARN_EMPTY_BODY = YES;
				CLANG_WARN_ENUM_CONVERSION = YES;
				CLANG_WARN_INFINITE_RECURSION = YES;
				CLANG_WARN_INT_CONVERSION = YES;
				CLANG_WARN_OBJC_ROOT_CLASS = YES_ERROR;
				CLANG_WARN_SUSPICIOUS_MOVE = YES;
				CLANG_WARN_UNREACHABLE_CODE = YES;
				CLANG_WARN__DUPLICATE_METHOD_MATCH = YES;
				"CODE_SIGN_IDENTITY[sdk=iphoneos*]" = "iPhone Developer";
				COPY_PHASE_STRIP = NO;
				DEBUG_INFORMATION_FORMAT = dwarf;
				ENABLE_STRICT_OBJC_MSGSEND = YES;
				ENABLE_TESTABILITY = YES;
				GCC_C_LANGUAGE_STANDARD = gnu99;
				GCC_DYNAMIC_NO_PIC = NO;
				GCC_NO_COMMON_BLOCKS = YES;
				GCC_OPTIMIZATION_LEVEL = 0;
				GCC_PREPROCESSOR_DEFINITIONS = (
					"DEBUG=1",
					"$(inherited)",
				);
				GCC_WARN_64_TO_32_BIT_CONVERSION = YES;
				GCC_WARN_ABOUT_RETURN_TYPE = YES_ERROR;
				GCC_WARN_UNDECLARED_SELECTOR = YES;
				GCC_WARN_UNINITIALIZED_AUTOS = YES_AGGRESSIVE;
				GCC_WARN_UNUSED_FUNCTION = YES;
				GCC_WARN_UNUSED_VARIABLE = YES;
				IPHONEOS_DEPLOYMENT_TARGET = 10.2;
				MTL_ENABLE_DEBUG_INFO = YES;
				ONLY_ACTIVE_ARCH = YES;
				SDKROOT = iphoneos;
				SWIFT_ACTIVE_COMPILATION_CONDITIONS = DEBUG;
				SWIFT_OPTIMIZATION_LEVEL = "-Onone";
				TARGETED_DEVICE_FAMILY = "1,2";
			};
			name = Debug;
		};
		D48BF1651E64EB5C00F62098 /* Release */ = {
			isa = XCBuildConfiguration;
			buildSettings = {
				ALWAYS_SEARCH_USER_PATHS = NO;
				CLANG_ANALYZER_NONNULL = YES;
				CLANG_CXX_LANGUAGE_STANDARD = "gnu++0x";
				CLANG_CXX_LIBRARY = "libc++";
				CLANG_ENABLE_MODULES = YES;
				CLANG_ENABLE_OBJC_ARC = YES;
				CLANG_WARN_BOOL_CONVERSION = YES;
				CLANG_WARN_CONSTANT_CONVERSION = YES;
				CLANG_WARN_DIRECT_OBJC_ISA_USAGE = YES_ERROR;
				CLANG_WARN_DOCUMENTATION_COMMENTS = YES;
				CLANG_WARN_EMPTY_BODY = YES;
				CLANG_WARN_ENUM_CONVERSION = YES;
				CLANG_WARN_INFINITE_RECURSION = YES;
				CLANG_WARN_INT_CONVERSION = YES;
				CLANG_WARN_OBJC_ROOT_CLASS = YES_ERROR;
				CLANG_WARN_SUSPICIOUS_MOVE = YES;
				CLANG_WARN_UNREACHABLE_CODE = YES;
				CLANG_WARN__DUPLICATE_METHOD_MATCH = YES;
				"CODE_SIGN_IDENTITY[sdk=iphoneos*]" = "iPhone Developer";
				COPY_PHASE_STRIP = NO;
				DEBUG_INFORMATION_FORMAT = "dwarf-with-dsym";
				ENABLE_NS_ASSERTIONS = NO;
				ENABLE_STRICT_OBJC_MSGSEND = YES;
				GCC_C_LANGUAGE_STANDARD = gnu99;
				GCC_NO_COMMON_BLOCKS = YES;
				GCC_WARN_64_TO_32_BIT_CONVERSION = YES;
				GCC_WARN_ABOUT_RETURN_TYPE = YES_ERROR;
				GCC_WARN_UNDECLARED_SELECTOR = YES;
				GCC_WARN_UNINITIALIZED_AUTOS = YES_AGGRESSIVE;
				GCC_WARN_UNUSED_FUNCTION = YES;
				GCC_WARN_UNUSED_VARIABLE = YES;
				IPHONEOS_DEPLOYMENT_TARGET = 10.2;
				MTL_ENABLE_DEBUG_INFO = NO;
				SDKROOT = iphoneos;
				SWIFT_OPTIMIZATION_LEVEL = "-Owholemodule";
				TARGETED_DEVICE_FAMILY = "1,2";
				VALIDATE_PRODUCT = YES;
			};
			name = Release;
		};
		D48BF1671E64EB5C00F62098 /* Debug */ = {
			isa = XCBuildConfiguration;
			baseConfigurationReference = 17151DAC14AEC0DFFE4EDC22 /* Pods-dineTexas.debug.xcconfig */;
			buildSettings = {
				ASSETCATALOG_COMPILER_APPICON_NAME = AppIcon;
				DEVELOPMENT_TEAM = "";
				INFOPLIST_FILE = dineTexas/Info.plist;
				LD_RUNPATH_SEARCH_PATHS = "$(inherited) @executable_path/Frameworks";
				PRODUCT_BUNDLE_IDENTIFIER = private.dineTexas;
				PRODUCT_NAME = "$(TARGET_NAME)";
				SWIFT_VERSION = 3.0;
			};
			name = Debug;
		};
		D48BF1681E64EB5C00F62098 /* Release */ = {
			isa = XCBuildConfiguration;
			baseConfigurationReference = BC9092C066E5D1A9B6D5A441 /* Pods-dineTexas.release.xcconfig */;
			buildSettings = {
				ASSETCATALOG_COMPILER_APPICON_NAME = AppIcon;
				DEVELOPMENT_TEAM = "";
				INFOPLIST_FILE = dineTexas/Info.plist;
				LD_RUNPATH_SEARCH_PATHS = "$(inherited) @executable_path/Frameworks";
				PRODUCT_BUNDLE_IDENTIFIER = private.dineTexas;
				PRODUCT_NAME = "$(TARGET_NAME)";
				SWIFT_VERSION = 3.0;
			};
			name = Release;
		};
/* End XCBuildConfiguration section */

/* Begin XCConfigurationList section */
		D48BF14C1E64EB5C00F62098 /* Build configuration list for PBXProject "dineTexas" */ = {
			isa = XCConfigurationList;
			buildConfigurations = (
				D48BF1641E64EB5C00F62098 /* Debug */,
				D48BF1651E64EB5C00F62098 /* Release */,
			);
			defaultConfigurationIsVisible = 0;
			defaultConfigurationName = Release;
		};
		D48BF1661E64EB5C00F62098 /* Build configuration list for PBXNativeTarget "dineTexas" */ = {
			isa = XCConfigurationList;
			buildConfigurations = (
				D48BF1671E64EB5C00F62098 /* Debug */,
				D48BF1681E64EB5C00F62098 /* Release */,
			);
			defaultConfigurationIsVisible = 0;
			defaultConfigurationName = Release;
		};
/* End XCConfigurationList section */

/* Begin XCVersionGroup section */
		D48BF15B1E64EB5C00F62098 /* dineTexas.xcdatamodeld */ = {
			isa = XCVersionGroup;
			children = (
				D48BF15C1E64EB5C00F62098 /* dineTexas.xcdatamodel */,
			);
			currentVersion = D48BF15C1E64EB5C00F62098 /* dineTexas.xcdatamodel */;
			path = dineTexas.xcdatamodeld;
			sourceTree = "<group>";
			versionGroupType = wrapper.xcdatamodel;
		};
/* End XCVersionGroup section */
	};
	rootObject = D48BF1491E64EB5C00F62098 /* Project object */;
}
